// !$*UTF8*$!
{
	archiveVersion = 1;
	classes = {
	};
	objectVersion = 56;
	objects = {

/* Begin PBXBuildFile section */
		5524CE43297BB01C007B200E /* StepsTableViewCell.swift in Sources */ = {isa = PBXBuildFile; fileRef = 5524CE42297BB01C007B200E /* StepsTableViewCell.swift */; };
		5524CE45297BB09C007B200E /* StepsViewController.swift in Sources */ = {isa = PBXBuildFile; fileRef = 5524CE44297BB09C007B200E /* StepsViewController.swift */; };
		5524CE47297BD1CA007B200E /* Step.swift in Sources */ = {isa = PBXBuildFile; fileRef = 5524CE46297BD1CA007B200E /* Step.swift */; };
		557FDD21297B5B4300191FE7 /* AppDelegate.swift in Sources */ = {isa = PBXBuildFile; fileRef = 557FDD20297B5B4300191FE7 /* AppDelegate.swift */; };
		557FDD23297B5B4300191FE7 /* SceneDelegate.swift in Sources */ = {isa = PBXBuildFile; fileRef = 557FDD22297B5B4300191FE7 /* SceneDelegate.swift */; };
		557FDD25297B5B4300191FE7 /* MapViewController.swift in Sources */ = {isa = PBXBuildFile; fileRef = 557FDD24297B5B4300191FE7 /* MapViewController.swift */; };
		557FDD28297B5B4300191FE7 /* Main.storyboard in Resources */ = {isa = PBXBuildFile; fileRef = 557FDD26297B5B4300191FE7 /* Main.storyboard */; };
		557FDD2A297B5B4400191FE7 /* Assets.xcassets in Resources */ = {isa = PBXBuildFile; fileRef = 557FDD29297B5B4400191FE7 /* Assets.xcassets */; };
		557FDD2D297B5B4400191FE7 /* LaunchScreen.storyboard in Resources */ = {isa = PBXBuildFile; fileRef = 557FDD2B297B5B4400191FE7 /* LaunchScreen.storyboard */; };
		557FDD37297B66EF00191FE7 /* MapHelper.swift in Sources */ = {isa = PBXBuildFile; fileRef = 557FDD36297B66EF00191FE7 /* MapHelper.swift */; };
		557FDD3B297B6BDE00191FE7 /* LabelAnnotationView.swift in Sources */ = {isa = PBXBuildFile; fileRef = 557FDD3A297B6BDE00191FE7 /* LabelAnnotationView.swift */; };
		557FDD3D297B6C4300191FE7 /* Annotation.swift in Sources */ = {isa = PBXBuildFile; fileRef = 557FDD3C297B6C4300191FE7 /* Annotation.swift */; };
		557FDD40297B6E2800191FE7 /* MapRoute.swift in Sources */ = {isa = PBXBuildFile; fileRef = 557FDD3F297B6E2800191FE7 /* MapRoute.swift */; };
		557FDD42297B83C600191FE7 /* SearchViewController.swift in Sources */ = {isa = PBXBuildFile; fileRef = 557FDD41297B83C600191FE7 /* SearchViewController.swift */; };
		557FDD44297B857D00191FE7 /* MapData.swift in Sources */ = {isa = PBXBuildFile; fileRef = 557FDD43297B857D00191FE7 /* MapData.swift */; };
/* End PBXBuildFile section */

/* Begin PBXFileReference section */
		5524CE42297BB01C007B200E /* StepsTableViewCell.swift */ = {isa = PBXFileReference; lastKnownFileType = sourcecode.swift; path = StepsTableViewCell.swift; sourceTree = "<group>"; };
		5524CE44297BB09C007B200E /* StepsViewController.swift */ = {isa = PBXFileReference; lastKnownFileType = sourcecode.swift; path = StepsViewController.swift; sourceTree = "<group>"; };
		5524CE46297BD1CA007B200E /* Step.swift */ = {isa = PBXFileReference; lastKnownFileType = sourcecode.swift; path = Step.swift; sourceTree = "<group>"; };
		557FDD1D297B5B4300191FE7 /* Maps.app */ = {isa = PBXFileReference; explicitFileType = wrapper.application; includeInIndex = 0; path = Maps.app; sourceTree = BUILT_PRODUCTS_DIR; };
		557FDD20297B5B4300191FE7 /* AppDelegate.swift */ = {isa = PBXFileReference; lastKnownFileType = sourcecode.swift; path = AppDelegate.swift; sourceTree = "<group>"; };
		557FDD22297B5B4300191FE7 /* SceneDelegate.swift */ = {isa = PBXFileReference; lastKnownFileType = sourcecode.swift; path = SceneDelegate.swift; sourceTree = "<group>"; };
		557FDD24297B5B4300191FE7 /* MapViewController.swift */ = {isa = PBXFileReference; lastKnownFileType = sourcecode.swift; path = MapViewController.swift; sourceTree = "<group>"; };
		557FDD27297B5B4300191FE7 /* Base */ = {isa = PBXFileReference; lastKnownFileType = file.storyboard; name = Base; path = Base.lproj/Main.storyboard; sourceTree = "<group>"; };
		557FDD29297B5B4400191FE7 /* Assets.xcassets */ = {isa = PBXFileReference; lastKnownFileType = folder.assetcatalog; path = Assets.xcassets; sourceTree = "<group>"; };
		557FDD2C297B5B4400191FE7 /* Base */ = {isa = PBXFileReference; lastKnownFileType = file.storyboard; name = Base; path = Base.lproj/LaunchScreen.storyboard; sourceTree = "<group>"; };
		557FDD2E297B5B4400191FE7 /* Info.plist */ = {isa = PBXFileReference; lastKnownFileType = text.plist.xml; path = Info.plist; sourceTree = "<group>"; };
		557FDD36297B66EF00191FE7 /* MapHelper.swift */ = {isa = PBXFileReference; lastKnownFileType = sourcecode.swift; path = MapHelper.swift; sourceTree = "<group>"; };
		557FDD3A297B6BDE00191FE7 /* LabelAnnotationView.swift */ = {isa = PBXFileReference; fileEncoding = 4; lastKnownFileType = sourcecode.swift; path = LabelAnnotationView.swift; sourceTree = "<group>"; };
		557FDD3C297B6C4300191FE7 /* Annotation.swift */ = {isa = PBXFileReference; lastKnownFileType = sourcecode.swift; path = Annotation.swift; sourceTree = "<group>"; };
		557FDD3F297B6E2800191FE7 /* MapRoute.swift */ = {isa = PBXFileReference; lastKnownFileType = sourcecode.swift; path = MapRoute.swift; sourceTree = "<group>"; };
		557FDD41297B83C600191FE7 /* SearchViewController.swift */ = {isa = PBXFileReference; lastKnownFileType = sourcecode.swift; path = SearchViewController.swift; sourceTree = "<group>"; };
		557FDD43297B857D00191FE7 /* MapData.swift */ = {isa = PBXFileReference; lastKnownFileType = sourcecode.swift; path = MapData.swift; sourceTree = "<group>"; };
/* End PBXFileReference section */

/* Begin PBXFrameworksBuildPhase section */
		557FDD1A297B5B4300191FE7 /* Frameworks */ = {
			isa = PBXFrameworksBuildPhase;
			buildActionMask = 2147483647;
			files = (
			);
			runOnlyForDeploymentPostprocessing = 0;
		};
/* End PBXFrameworksBuildPhase section */

/* Begin PBXGroup section */
		557FDD14297B5B4300191FE7 = {
			isa = PBXGroup;
			children = (
				557FDD1F297B5B4300191FE7 /* Maps */,
				557FDD1E297B5B4300191FE7 /* Products */,
			);
			sourceTree = "<group>";
		};
		557FDD1E297B5B4300191FE7 /* Products */ = {
			isa = PBXGroup;
			children = (
				557FDD1D297B5B4300191FE7 /* Maps.app */,
			);
			name = Products;
			sourceTree = "<group>";
		};
		557FDD1F297B5B4300191FE7 /* Maps */ = {
			isa = PBXGroup;
			children = (
				557FDD3E297B6E0900191FE7 /* Model */,
				557FDD35297B5C1C00191FE7 /* Controller */,
				557FDD34297B5B8100191FE7 /* Views */,
				557FDD20297B5B4300191FE7 /* AppDelegate.swift */,
				557FDD22297B5B4300191FE7 /* SceneDelegate.swift */,
				557FDD29297B5B4400191FE7 /* Assets.xcassets */,
				557FDD2E297B5B4400191FE7 /* Info.plist */,
			);
			path = Maps;
			sourceTree = "<group>";
		};
		557FDD34297B5B8100191FE7 /* Views */ = {
			isa = PBXGroup;
			children = (
				557FDD3A297B6BDE00191FE7 /* LabelAnnotationView.swift */,
				557FDD26297B5B4300191FE7 /* Main.storyboard */,
				557FDD2B297B5B4400191FE7 /* LaunchScreen.storyboard */,
				557FDD3C297B6C4300191FE7 /* Annotation.swift */,
				5524CE42297BB01C007B200E /* StepsTableViewCell.swift */,
			);
			path = Views;
			sourceTree = "<group>";
		};
		557FDD35297B5C1C00191FE7 /* Controller */ = {
			isa = PBXGroup;
			children = (
				557FDD24297B5B4300191FE7 /* MapViewController.swift */,
				557FDD41297B83C600191FE7 /* SearchViewController.swift */,
				5524CE44297BB09C007B200E /* StepsViewController.swift */,
			);
			path = Controller;
			sourceTree = "<group>";
		};
		557FDD3E297B6E0900191FE7 /* Model */ = {
			isa = PBXGroup;
			children = (
				557FDD36297B66EF00191FE7 /* MapHelper.swift */,
				557FDD3F297B6E2800191FE7 /* MapRoute.swift */,
				557FDD43297B857D00191FE7 /* MapData.swift */,
				5524CE46297BD1CA007B200E /* Step.swift */,
			);
			path = Model;
			sourceTree = "<group>";
		};
/* End PBXGroup section */

/* Begin PBXNativeTarget section */
		557FDD1C297B5B4300191FE7 /* Maps */ = {
			isa = PBXNativeTarget;
			buildConfigurationList = 557FDD31297B5B4400191FE7 /* Build configuration list for PBXNativeTarget "Maps" */;
			buildPhases = (
				557FDD19297B5B4300191FE7 /* Sources */,
				557FDD1A297B5B4300191FE7 /* Frameworks */,
				557FDD1B297B5B4300191FE7 /* Resources */,
			);
			buildRules = (
			);
			dependencies = (
			);
			name = Maps;
			productName = Maps;
			productReference = 557FDD1D297B5B4300191FE7 /* Maps.app */;
			productType = "com.apple.product-type.application";
		};
/* End PBXNativeTarget section */

/* Begin PBXProject section */
		557FDD15297B5B4300191FE7 /* Project object */ = {
			isa = PBXProject;
			attributes = {
				BuildIndependentTargetsInParallel = 1;
				LastSwiftUpdateCheck = 1420;
				LastUpgradeCheck = 1420;
				TargetAttributes = {
					557FDD1C297B5B4300191FE7 = {
						CreatedOnToolsVersion = 14.2;
					};
				};
			};
			buildConfigurationList = 557FDD18297B5B4300191FE7 /* Build configuration list for PBXProject "Maps" */;
			compatibilityVersion = "Xcode 14.0";
			developmentRegion = en;
			hasScannedForEncodings = 0;
			knownRegions = (
				en,
				Base,
			);
			mainGroup = 557FDD14297B5B4300191FE7;
			productRefGroup = 557FDD1E297B5B4300191FE7 /* Products */;
			projectDirPath = "";
			projectRoot = "";
			targets = (
				557FDD1C297B5B4300191FE7 /* Maps */,
			);
		};
/* End PBXProject section */

/* Begin PBXResourcesBuildPhase section */
		557FDD1B297B5B4300191FE7 /* Resources */ = {
			isa = PBXResourcesBuildPhase;
			buildActionMask = 2147483647;
			files = (
				557FDD2D297B5B4400191FE7 /* LaunchScreen.storyboard in Resources */,
				557FDD2A297B5B4400191FE7 /* Assets.xcassets in Resources */,
				557FDD28297B5B4300191FE7 /* Main.storyboard in Resources */,
			);
			runOnlyForDeploymentPostprocessing = 0;
		};
/* End PBXResourcesBuildPhase section */

/* Begin PBXSourcesBuildPhase section */
		557FDD19297B5B4300191FE7 /* Sources */ = {
			isa = PBXSourcesBuildPhase;
			buildActionMask = 2147483647;
			files = (
				557FDD37297B66EF00191FE7 /* MapHelper.swift in Sources */,
				5524CE45297BB09C007B200E /* StepsViewController.swift in Sources */,
				557FDD44297B857D00191FE7 /* MapData.swift in Sources */,
				557FDD3B297B6BDE00191FE7 /* LabelAnnotationView.swift in Sources */,
				557FDD42297B83C600191FE7 /* SearchViewController.swift in Sources */,
				5524CE47297BD1CA007B200E /* Step.swift in Sources */,
				557FDD25297B5B4300191FE7 /* MapViewController.swift in Sources */,
				5524CE43297BB01C007B200E /* StepsTableViewCell.swift in Sources */,
				557FDD21297B5B4300191FE7 /* AppDelegate.swift in Sources */,
				557FDD3D297B6C4300191FE7 /* Annotation.swift in Sources */,
				557FDD40297B6E2800191FE7 /* MapRoute.swift in Sources */,
				557FDD23297B5B4300191FE7 /* SceneDelegate.swift in Sources */,
			);
			runOnlyForDeploymentPostprocessing = 0;
		};
/* End PBXSourcesBuildPhase section */

/* Begin PBXVariantGroup section */
		557FDD26297B5B4300191FE7 /* Main.storyboard */ = {
			isa = PBXVariantGroup;
			children = (
				557FDD27297B5B4300191FE7 /* Base */,
			);
			name = Main.storyboard;
			sourceTree = "<group>";
		};
		557FDD2B297B5B4400191FE7 /* LaunchScreen.storyboard */ = {
			isa = PBXVariantGroup;
			children = (
				557FDD2C297B5B4400191FE7 /* Base */,
			);
			name = LaunchScreen.storyboard;
			sourceTree = "<group>";
		};
/* End PBXVariantGroup section */

/* Begin XCBuildConfiguration section */
		557FDD2F297B5B4400191FE7 /* Debug */ = {
			isa = XCBuildConfiguration;
			buildSettings = {
				ALWAYS_SEARCH_USER_PATHS = NO;
				CLANG_ANALYZER_NONNULL = YES;
				CLANG_ANALYZER_NUMBER_OBJECT_CONVERSION = YES_AGGRESSIVE;
				CLANG_CXX_LANGUAGE_STANDARD = "gnu++20";
				CLANG_ENABLE_MODULES = YES;
				CLANG_ENABLE_OBJC_ARC = YES;
				CLANG_ENABLE_OBJC_WEAK = YES;
				CLANG_WARN_BLOCK_CAPTURE_AUTORELEASING = YES;
				CLANG_WARN_BOOL_CONVERSION = YES;
				CLANG_WARN_COMMA = YES;
				CLANG_WARN_CONSTANT_CONVERSION = YES;
				CLANG_WARN_DEPRECATED_OBJC_IMPLEMENTATIONS = YES;
				CLANG_WARN_DIRECT_OBJC_ISA_USAGE = YES_ERROR;
				CLANG_WARN_DOCUMENTATION_COMMENTS = YES;
				CLANG_WARN_EMPTY_BODY = YES;
				CLANG_WARN_ENUM_CONVERSION = YES;
				CLANG_WARN_INFINITE_RECURSION = YES;
				CLANG_WARN_INT_CONVERSION = YES;
				CLANG_WARN_NON_LITERAL_NULL_CONVERSION = YES;
				CLANG_WARN_OBJC_IMPLICIT_RETAIN_SELF = YES;
				CLANG_WARN_OBJC_LITERAL_CONVERSION = YES;
				CLANG_WARN_OBJC_ROOT_CLASS = YES_ERROR;
				CLANG_WARN_QUOTED_INCLUDE_IN_FRAMEWORK_HEADER = YES;
				CLANG_WARN_RANGE_LOOP_ANALYSIS = YES;
				CLANG_WARN_STRICT_PROTOTYPES = YES;
				CLANG_WARN_SUSPICIOUS_MOVE = YES;
				CLANG_WARN_UNGUARDED_AVAILABILITY = YES_AGGRESSIVE;
				CLANG_WARN_UNREACHABLE_CODE = YES;
				CLANG_WARN__DUPLICATE_METHOD_MATCH = YES;
				COPY_PHASE_STRIP = NO;
				DEBUG_INFORMATION_FORMAT = dwarf;
				ENABLE_STRICT_OBJC_MSGSEND = YES;
				ENABLE_TESTABILITY = YES;
				GCC_C_LANGUAGE_STANDARD = gnu11;
				GCC_DYNAMIC_NO_PIC = NO;
				GCC_NO_COMMON_BLOCKS = YES;
				GCC_OPTIMIZATION_LEVEL = 0;
				GCC_PREPROCESSOR_DEFINITIONS = (
					"DEBUG=1",
					"$(inherited)",
				);
				GCC_WARN_64_TO_32_BIT_CONVERSION = YES;
				GCC_WARN_ABOUT_RETURN_TYPE = YES_ERROR;
				GCC_WARN_UNDECLARED_SELECTOR = YES;
				GCC_WARN_UNINITIALIZED_AUTOS = YES_AGGRESSIVE;
				GCC_WARN_UNUSED_FUNCTION = YES;
				GCC_WARN_UNUSED_VARIABLE = YES;
				IPHONEOS_DEPLOYMENT_TARGET = 16.2;
				MTL_ENABLE_DEBUG_INFO = INCLUDE_SOURCE;
				MTL_FAST_MATH = YES;
				ONLY_ACTIVE_ARCH = YES;
				SDKROOT = iphoneos;
				SWIFT_ACTIVE_COMPILATION_CONDITIONS = DEBUG;
				SWIFT_OPTIMIZATION_LEVEL = "-Onone";
			};
			name = Debug;
		};
		557FDD30297B5B4400191FE7 /* Release */ = {
			isa = XCBuildConfiguration;
			buildSettings = {
				ALWAYS_SEARCH_USER_PATHS = NO;
				CLANG_ANALYZER_NONNULL = YES;
				CLANG_ANALYZER_NUMBER_OBJECT_CONVERSION = YES_AGGRESSIVE;
				CLANG_CXX_LANGUAGE_STANDARD = "gnu++20";
				CLANG_ENABLE_MODULES = YES;
				CLANG_ENABLE_OBJC_ARC = YES;
				CLANG_ENABLE_OBJC_WEAK = YES;
				CLANG_WARN_BLOCK_CAPTURE_AUTORELEASING = YES;
				CLANG_WARN_BOOL_CONVERSION = YES;
				CLANG_WARN_COMMA = YES;
				CLANG_WARN_CONSTANT_CONVERSION = YES;
				CLANG_WARN_DEPRECATED_OBJC_IMPLEMENTATIONS = YES;
				CLANG_WARN_DIRECT_OBJC_ISA_USAGE = YES_ERROR;
				CLANG_WARN_DOCUMENTATION_COMMENTS = YES;
				CLANG_WARN_EMPTY_BODY = YES;
				CLANG_WARN_ENUM_CONVERSION = YES;
				CLANG_WARN_INFINITE_RECURSION = YES;
				CLANG_WARN_INT_CONVERSION = YES;
				CLANG_WARN_NON_LITERAL_NULL_CONVERSION = YES;
				CLANG_WARN_OBJC_IMPLICIT_RETAIN_SELF = YES;
				CLANG_WARN_OBJC_LITERAL_CONVERSION = YES;
				CLANG_WARN_OBJC_ROOT_CLASS = YES_ERROR;
				CLANG_WARN_QUOTED_INCLUDE_IN_FRAMEWORK_HEADER = YES;
				CLANG_WARN_RANGE_LOOP_ANALYSIS = YES;
				CLANG_WARN_STRICT_PROTOTYPES = YES;
				CLANG_WARN_SUSPICIOUS_MOVE = YES;
				CLANG_WARN_UNGUARDED_AVAILABILITY = YES_AGGRESSIVE;
				CLANG_WARN_UNREACHABLE_CODE = YES;
				CLANG_WARN__DUPLICATE_METHOD_MATCH = YES;
				COPY_PHASE_STRIP = NO;
				DEBUG_INFORMATION_FORMAT = "dwarf-with-dsym";
				ENABLE_NS_ASSERTIONS = NO;
				ENABLE_STRICT_OBJC_MSGSEND = YES;
				GCC_C_LANGUAGE_STANDARD = gnu11;
				GCC_NO_COMMON_BLOCKS = YES;
				GCC_WARN_64_TO_32_BIT_CONVERSION = YES;
				GCC_WARN_ABOUT_RETURN_TYPE = YES_ERROR;
				GCC_WARN_UNDECLARED_SELECTOR = YES;
				GCC_WARN_UNINITIALIZED_AUTOS = YES_AGGRESSIVE;
				GCC_WARN_UNUSED_FUNCTION = YES;
				GCC_WARN_UNUSED_VARIABLE = YES;
				IPHONEOS_DEPLOYMENT_TARGET = 16.2;
				MTL_ENABLE_DEBUG_INFO = NO;
				MTL_FAST_MATH = YES;
				SDKROOT = iphoneos;
				SWIFT_COMPILATION_MODE = wholemodule;
				SWIFT_OPTIMIZATION_LEVEL = "-O";
				VALIDATE_PRODUCT = YES;
			};
			name = Release;
		};
		557FDD32297B5B4400191FE7 /* Debug */ = {
			isa = XCBuildConfiguration;
			buildSettings = {
				ASSETCATALOG_COMPILER_APPICON_NAME = AppIcon;
				ASSETCATALOG_COMPILER_GLOBAL_ACCENT_COLOR_NAME = AccentColor;
				CODE_SIGN_STYLE = Automatic;
				CURRENT_PROJECT_VERSION = 1;
				DEVELOPMENT_TEAM = L9Z24WLH63;
				GENERATE_INFOPLIST_FILE = YES;
				INFOPLIST_FILE = Maps/Info.plist;
				INFOPLIST_KEY_UIApplicationSupportsIndirectInputEvents = YES;
				INFOPLIST_KEY_UILaunchStoryboardName = LaunchScreen;
				INFOPLIST_KEY_UIMainStoryboardFile = Main;
				INFOPLIST_KEY_UISupportedInterfaceOrientations_iPad = "UIInterfaceOrientationPortrait UIInterfaceOrientationPortraitUpsideDown UIInterfaceOrientationLandscapeLeft UIInterfaceOrientationLandscapeRight";
				INFOPLIST_KEY_UISupportedInterfaceOrientations_iPhone = "UIInterfaceOrientationPortrait UIInterfaceOrientationLandscapeLeft UIInterfaceOrientationLandscapeRight";
				LD_RUNPATH_SEARCH_PATHS = (
					"$(inherited)",
					"@executable_path/Frameworks",
				);
				MARKETING_VERSION = 1.0;
				PRODUCT_BUNDLE_IDENTIFIER = com.darshan09200.Maps;
				PRODUCT_NAME = "$(TARGET_NAME)";
				SWIFT_EMIT_LOC_STRINGS = YES;
				SWIFT_VERSION = 5.0;
				TARGETED_DEVICE_FAMILY = "1,2";
			};
			name = Debug;
		};
		557FDD33297B5B4400191FE7 /* Release */ = {
			isa = XCBuildConfiguration;
			buildSettings = {
				ASSETCATALOG_COMPILER_APPICON_NAME = AppIcon;
				ASSETCATALOG_COMPILER_GLOBAL_ACCENT_COLOR_NAME = AccentColor;
				CODE_SIGN_STYLE = Automatic;
				CURRENT_PROJECT_VERSION = 1;
				DEVELOPMENT_TEAM = L9Z24WLH63;
				GENERATE_INFOPLIST_FILE = YES;
				INFOPLIST_FILE = Maps/Info.plist;
				INFOPLIST_KEY_UIApplicationSupportsIndirectInputEvents = YES;
				INFOPLIST_KEY_UILaunchStoryboardName = LaunchScreen;
				INFOPLIST_KEY_UIMainStoryboardFile = Main;
				INFOPLIST_KEY_UISupportedInterfaceOrientations_iPad = "UIInterfaceOrientationPortrait UIInterfaceOrientationPortraitUpsideDown UIInterfaceOrientationLandscapeLeft UIInterfaceOrientationLandscapeRight";
				INFOPLIST_KEY_UISupportedInterfaceOrientations_iPhone = "UIInterfaceOrientationPortrait UIInterfaceOrientationLandscapeLeft UIInterfaceOrientationLandscapeRight";
				LD_RUNPATH_SEARCH_PATHS = (
					"$(inherited)",
					"@executable_path/Frameworks",
				);
				MARKETING_VERSION = 1.0;
				PRODUCT_BUNDLE_IDENTIFIER = com.darshan09200.Maps;
				PRODUCT_NAME = "$(TARGET_NAME)";
				SWIFT_EMIT_LOC_STRINGS = YES;
				SWIFT_VERSION = 5.0;
				TARGETED_DEVICE_FAMILY = "1,2";
			};
			name = Release;
		};
/* End XCBuildConfiguration section */

/* Begin XCConfigurationList section */
		557FDD18297B5B4300191FE7 /* Build configuration list for PBXProject "Maps" */ = {
			isa = XCConfigurationList;
			buildConfigurations = (
				557FDD2F297B5B4400191FE7 /* Debug */,
				557FDD30297B5B4400191FE7 /* Release */,
			);
			defaultConfigurationIsVisible = 0;
			defaultConfigurationName = Release;
		};
		557FDD31297B5B4400191FE7 /* Build configuration list for PBXNativeTarget "Maps" */ = {
			isa = XCConfigurationList;
			buildConfigurations = (
				557FDD32297B5B4400191FE7 /* Debug */,
				557FDD33297B5B4400191FE7 /* Release */,
			);
			defaultConfigurationIsVisible = 0;
			defaultConfigurationName = Release;
		};
/* End XCConfigurationList section */
	};
	rootObject = 557FDD15297B5B4300191FE7 /* Project object */;
}
